
Microsoft Visual Studio Solution File, Format Version 12.00
# Visual Studio Version 16
VisualStudioVersion = 16.0.31911.196
MinimumVisualStudioVersion = 10.0.40219.1
Project("{9A19103F-16F7-4668-BE54-9A1E7A4F7556}") = "Google.Server", "Google\Server\Google.Server.csproj", "{33B0511B-6474-4EE8-AA76-02B1CC7C94B0}"
EndProject
Project("{9A19103F-16F7-4668-BE54-9A1E7A4F7556}") = "Google.Client", "Google\Client\Google.Client.csproj", "{700C2B40-D4F2-4896-8B6C-733BB451C244}"
EndProject
Project("{9A19103F-16F7-4668-BE54-9A1E7A4F7556}") = "Google.Shared", "Google\Shared\Google.Shared.csproj", "{720C5C1F-5CB7-4842-B24B-855CED6D95E2}"
EndProject
Project("{2150E333-8FDC-42A3-9474-1A3956D46DE8}") = "1. Presentation Layer", "1. Presentation Layer", "{8530C50E-3E33-4BE1-99EB-8C7AD110AE28}"
EndProject
Project("{2150E333-8FDC-42A3-9474-1A3956D46DE8}") = "2. Clinet", "2. Clinet", "{9780C3AE-0147-4E41-98E2-5E6500675B7E}"
EndProject
Project("{2150E333-8FDC-42A3-9474-1A3956D46DE8}") = "3. Server", "3. Server", "{4DCAB756-9698-44EB-9E47-C0650F7C9F12}"
EndProject
Project("{2150E333-8FDC-42A3-9474-1A3956D46DE8}") = "4. Core", "4. Core", "{E53669EA-1C3F-4883-9FC0-A9BFDDA9A9DE}"
EndProject
Project("{2150E333-8FDC-42A3-9474-1A3956D46DE8}") = "5.Business Layer", "5.Business Layer", "{207D5FF8-72A7-411E-9D1A-F2EA695688E1}"
EndProject
Project("{2150E333-8FDC-42A3-9474-1A3956D46DE8}") = "6. Resource Access", "6. Resource Access", "{1D229703-28B5-47BC-97B8-F9D05FB9B9BA}"
EndProject
Project("{2150E333-8FDC-42A3-9474-1A3956D46DE8}") = "7. Error Logger", "7. Error Logger", "{F3E29D06-E41D-4D4E-A983-12ED5F9AB4BD}"
EndProject
Project("{2150E333-8FDC-42A3-9474-1A3956D46DE8}") = "8. Database", "8. Database", "{C4C79AEE-9025-4476-A7A4-0993ADD13A87}"
EndProject
Project("{9A19103F-16F7-4668-BE54-9A1E7A4F7556}") = "Google.Client.Contracts", "Google.Client.Contracts\Google.Client.Contracts.csproj", "{1752B83C-BA60-4CFD-A7F6-38FABB1D8F08}"
EndProject
Project("{9A19103F-16F7-4668-BE54-9A1E7A4F7556}") = "Google.Client.Entities", "Google.Client.Entities\Google.Client.Entities.csproj", "{5EEEFE11-DF94-4864-AD8E-65B861A01928}"
EndProject
Project("{9A19103F-16F7-4668-BE54-9A1E7A4F7556}") = "Google.Client.Services", "Google.Client.Services\Google.Client.Services.csproj", "{D5B6E0B0-C0AF-4FFA-80B3-3B91CB5E4BBD}"
EndProject
Project("{9A19103F-16F7-4668-BE54-9A1E7A4F7556}") = "Core.Common", "Core.Common\Core.Common.csproj", "{AACAA80E-CB93-4A86-A9E9-5EE494789BD7}"
EndProject
Project("{9A19103F-16F7-4668-BE54-9A1E7A4F7556}") = "Core.Contracts", "Core.Contracts\Core.Contracts.csproj", "{6F1DD0DB-3B99-449D-85A9-86DBF6EAB973}"
EndProject
Project("{9A19103F-16F7-4668-BE54-9A1E7A4F7556}") = "Google.Business", "Google.Business\Google.Business.csproj", "{9BF0F91D-A59D-4B3B-940A-8AD87470F8A4}"
EndProject
Project("{9A19103F-16F7-4668-BE54-9A1E7A4F7556}") = "Google.Business.Entities", "Google.Business.Entities\Google.Business.Entities.csproj", "{46319436-F627-4AA3-9549-7406704B076F}"
EndProject
Project("{9A19103F-16F7-4668-BE54-9A1E7A4F7556}") = "Google.Data", "Google.Data\Google.Data.csproj", "{1ECF1351-858B-4D24-8922-8AE3C3ADB62A}"
EndProject
Project("{9A19103F-16F7-4668-BE54-9A1E7A4F7556}") = "Google.Data.Contracts", "Google.Data.Contracts\Google.Data.Contracts.csproj", "{8E895DAD-0569-4622-A8C8-AFBA96B781AD}"
EndProject
Project("{9A19103F-16F7-4668-BE54-9A1E7A4F7556}") = "Google.Data.DbObjects", "Google.Data.DbObjects\Google.Data.DbObjects.csproj", "{82E52C56-DC55-42C8-A843-8C9D3428F588}"
EndProject
Project("{9A19103F-16F7-4668-BE54-9A1E7A4F7556}") = "Google.Data.Mapper", "Google.Data.Mapper\Google.Data.Mapper.csproj", "{A1CA2DE1-2F16-4EEF-B003-38D386CCF4AB}"
EndProject
Global
	GlobalSection(SolutionConfigurationPlatforms) = preSolution
		Debug|Any CPU = Debug|Any CPU
		Release|Any CPU = Release|Any CPU
	EndGlobalSection
	GlobalSection(ProjectConfigurationPlatforms) = postSolution
		{33B0511B-6474-4EE8-AA76-02B1CC7C94B0}.Debug|Any CPU.ActiveCfg = Debug|Any CPU
		{33B0511B-6474-4EE8-AA76-02B1CC7C94B0}.Debug|Any CPU.Build.0 = Debug|Any CPU
		{33B0511B-6474-4EE8-AA76-02B1CC7C94B0}.Release|Any CPU.ActiveCfg = Release|Any CPU
		{33B0511B-6474-4EE8-AA76-02B1CC7C94B0}.Release|Any CPU.Build.0 = Release|Any CPU
		{700C2B40-D4F2-4896-8B6C-733BB451C244}.Debug|Any CPU.ActiveCfg = Debug|Any CPU
		{700C2B40-D4F2-4896-8B6C-733BB451C244}.Debug|Any CPU.Build.0 = Debug|Any CPU
		{700C2B40-D4F2-4896-8B6C-733BB451C244}.Release|Any CPU.ActiveCfg = Release|Any CPU
		{700C2B40-D4F2-4896-8B6C-733BB451C244}.Release|Any CPU.Build.0 = Release|Any CPU
		{720C5C1F-5CB7-4842-B24B-855CED6D95E2}.Debug|Any CPU.ActiveCfg = Debug|Any CPU
		{720C5C1F-5CB7-4842-B24B-855CED6D95E2}.Debug|Any CPU.Build.0 = Debug|Any CPU
		{720C5C1F-5CB7-4842-B24B-855CED6D95E2}.Release|Any CPU.ActiveCfg = Release|Any CPU
		{720C5C1F-5CB7-4842-B24B-855CED6D95E2}.Release|Any CPU.Build.0 = Release|Any CPU
		{1752B83C-BA60-4CFD-A7F6-38FABB1D8F08}.Debug|Any CPU.ActiveCfg = Debug|Any CPU
		{1752B83C-BA60-4CFD-A7F6-38FABB1D8F08}.Debug|Any CPU.Build.0 = Debug|Any CPU
		{1752B83C-BA60-4CFD-A7F6-38FABB1D8F08}.Release|Any CPU.ActiveCfg = Release|Any CPU
		{1752B83C-BA60-4CFD-A7F6-38FABB1D8F08}.Release|Any CPU.Build.0 = Release|Any CPU
		{5EEEFE11-DF94-4864-AD8E-65B861A01928}.Debug|Any CPU.ActiveCfg = Debug|Any CPU
		{5EEEFE11-DF94-4864-AD8E-65B861A01928}.Debug|Any CPU.Build.0 = Debug|Any CPU
		{5EEEFE11-DF94-4864-AD8E-65B861A01928}.Release|Any CPU.ActiveCfg = Release|Any CPU
		{5EEEFE11-DF94-4864-AD8E-65B861A01928}.Release|Any CPU.Build.0 = Release|Any CPU
		{D5B6E0B0-C0AF-4FFA-80B3-3B91CB5E4BBD}.Debug|Any CPU.ActiveCfg = Debug|Any CPU
		{D5B6E0B0-C0AF-4FFA-80B3-3B91CB5E4BBD}.Debug|Any CPU.Build.0 = Debug|Any CPU
		{D5B6E0B0-C0AF-4FFA-80B3-3B91CB5E4BBD}.Release|Any CPU.ActiveCfg = Release|Any CPU
		{D5B6E0B0-C0AF-4FFA-80B3-3B91CB5E4BBD}.Release|Any CPU.Build.0 = Release|Any CPU
		{AACAA80E-CB93-4A86-A9E9-5EE494789BD7}.Debug|Any CPU.ActiveCfg = Debug|Any CPU
		{AACAA80E-CB93-4A86-A9E9-5EE494789BD7}.Debug|Any CPU.Build.0 = Debug|Any CPU
		{AACAA80E-CB93-4A86-A9E9-5EE494789BD7}.Release|Any CPU.ActiveCfg = Release|Any CPU
		{AACAA80E-CB93-4A86-A9E9-5EE494789BD7}.Release|Any CPU.Build.0 = Release|Any CPU
		{6F1DD0DB-3B99-449D-85A9-86DBF6EAB973}.Debug|Any CPU.ActiveCfg = Debug|Any CPU
		{6F1DD0DB-3B99-449D-85A9-86DBF6EAB973}.Debug|Any CPU.Build.0 = Debug|Any CPU
		{6F1DD0DB-3B99-449D-85A9-86DBF6EAB973}.Release|Any CPU.ActiveCfg = Release|Any CPU
		{6F1DD0DB-3B99-449D-85A9-86DBF6EAB973}.Release|Any CPU.Build.0 = Release|Any CPU
		{9BF0F91D-A59D-4B3B-940A-8AD87470F8A4}.Debug|Any CPU.ActiveCfg = Debug|Any CPU
		{9BF0F91D-A59D-4B3B-940A-8AD87470F8A4}.Debug|Any CPU.Build.0 = Debug|Any CPU
		{9BF0F91D-A59D-4B3B-940A-8AD87470F8A4}.Release|Any CPU.ActiveCfg = Release|Any CPU
		{9BF0F91D-A59D-4B3B-940A-8AD87470F8A4}.Release|Any CPU.Build.0 = Release|Any CPU
		{46319436-F627-4AA3-9549-7406704B076F}.Debug|Any CPU.ActiveCfg = Debug|Any CPU
		{46319436-F627-4AA3-9549-7406704B076F}.Debug|Any CPU.Build.0 = Debug|Any CPU
		{46319436-F627-4AA3-9549-7406704B076F}.Release|Any CPU.ActiveCfg = Release|Any CPU
		{46319436-F627-4AA3-9549-7406704B076F}.Release|Any CPU.Build.0 = Release|Any CPU
		{1ECF1351-858B-4D24-8922-8AE3C3ADB62A}.Debug|Any CPU.ActiveCfg = Debug|Any CPU
		{1ECF1351-858B-4D24-8922-8AE3C3ADB62A}.Debug|Any CPU.Build.0 = Debug|Any CPU
		{1ECF1351-858B-4D24-8922-8AE3C3ADB62A}.Release|Any CPU.ActiveCfg = Release|Any CPU
		{1ECF1351-858B-4D24-8922-8AE3C3ADB62A}.Release|Any CPU.Build.0 = Release|Any CPU
		{8E895DAD-0569-4622-A8C8-AFBA96B781AD}.Debug|Any CPU.ActiveCfg = Debug|Any CPU
		{8E895DAD-0569-4622-A8C8-AFBA96B781AD}.Debug|Any CPU.Build.0 = Debug|Any CPU
		{8E895DAD-0569-4622-A8C8-AFBA96B781AD}.Release|Any CPU.ActiveCfg = Release|Any CPU
		{8E895DAD-0569-4622-A8C8-AFBA96B781AD}.Release|Any CPU.Build.0 = Release|Any CPU
		{82E52C56-DC55-42C8-A843-8C9D3428F588}.Debug|Any CPU.ActiveCfg = Debug|Any CPU
		{82E52C56-DC55-42C8-A843-8C9D3428F588}.Debug|Any CPU.Build.0 = Debug|Any CPU
		{82E52C56-DC55-42C8-A843-8C9D3428F588}.Release|Any CPU.ActiveCfg = Release|Any CPU
		{82E52C56-DC55-42C8-A843-8C9D3428F588}.Release|Any CPU.Build.0 = Release|Any CPU
		{A1CA2DE1-2F16-4EEF-B003-38D386CCF4AB}.Debug|Any CPU.ActiveCfg = Debug|Any CPU
		{A1CA2DE1-2F16-4EEF-B003-38D386CCF4AB}.Debug|Any CPU.Build.0 = Debug|Any CPU
		{A1CA2DE1-2F16-4EEF-B003-38D386CCF4AB}.Release|Any CPU.ActiveCfg = Release|Any CPU
		{A1CA2DE1-2F16-4EEF-B003-38D386CCF4AB}.Release|Any CPU.Build.0 = Release|Any CPU
	EndGlobalSection
	GlobalSection(SolutionProperties) = preSolution
		HideSolutionNode = FALSE
	EndGlobalSection
	GlobalSection(NestedProjects) = preSolution
		{33B0511B-6474-4EE8-AA76-02B1CC7C94B0} = {4DCAB756-9698-44EB-9E47-C0650F7C9F12}
		{700C2B40-D4F2-4896-8B6C-733BB451C244} = {8530C50E-3E33-4BE1-99EB-8C7AD110AE28}
		{720C5C1F-5CB7-4842-B24B-855CED6D95E2} = {4DCAB756-9698-44EB-9E47-C0650F7C9F12}
		{1752B83C-BA60-4CFD-A7F6-38FABB1D8F08} = {9780C3AE-0147-4E41-98E2-5E6500675B7E}
		{5EEEFE11-DF94-4864-AD8E-65B861A01928} = {9780C3AE-0147-4E41-98E2-5E6500675B7E}
		{D5B6E0B0-C0AF-4FFA-80B3-3B91CB5E4BBD} = {9780C3AE-0147-4E41-98E2-5E6500675B7E}
		{AACAA80E-CB93-4A86-A9E9-5EE494789BD7} = {E53669EA-1C3F-4883-9FC0-A9BFDDA9A9DE}
		{6F1DD0DB-3B99-449D-85A9-86DBF6EAB973} = {E53669EA-1C3F-4883-9FC0-A9BFDDA9A9DE}
		{9BF0F91D-A59D-4B3B-940A-8AD87470F8A4} = {207D5FF8-72A7-411E-9D1A-F2EA695688E1}
		{46319436-F627-4AA3-9549-7406704B076F} = {207D5FF8-72A7-411E-9D1A-F2EA695688E1}
		{1ECF1351-858B-4D24-8922-8AE3C3ADB62A} = {1D229703-28B5-47BC-97B8-F9D05FB9B9BA}
		{8E895DAD-0569-4622-A8C8-AFBA96B781AD} = {1D229703-28B5-47BC-97B8-F9D05FB9B9BA}
		{82E52C56-DC55-42C8-A843-8C9D3428F588} = {1D229703-28B5-47BC-97B8-F9D05FB9B9BA}
		{A1CA2DE1-2F16-4EEF-B003-38D386CCF4AB} = {1D229703-28B5-47BC-97B8-F9D05FB9B9BA}
	EndGlobalSection
	GlobalSection(ExtensibilityGlobals) = postSolution
		SolutionGuid = {F6850B65-9707-4BCE-9A96-FA0C75D14BB8}
	EndGlobalSection
EndGlobal
